
Microsoft Visual Studio Solution File, Format Version 10.00
# Visual Studio 2008
Project("{FAE04EC0-301F-11D3-BF4B-00C04F79EFBC}") = "CoolantPostureController_Win32", "CoolantPostureController_Win32\CoolantPostureController_Win32.csproj", "{679DF33D-B9C5-4426-A61C-6C270CEE11E8}"
EndProject
Project("{FAE04EC0-301F-11D3-BF4B-00C04F79EFBC}") = "ServerSuperIO.Modbus_Win32", "ServerSuperIO.Modbus_Win32\ServerSuperIO.Modbus_Win32.csproj", "{15FB699A-58FB-4F16-B7B6-AD9D652A5FD1}"
EndProject
Global
	GlobalSection(SolutionConfigurationPlatforms) = preSolution
		Debug|Any CPU = Debug|Any CPU
		Release|Any CPU = Release|Any CPU
	EndGlobalSection
	GlobalSection(ProjectConfigurationPlatforms) = postSolution
		{679DF33D-B9C5-4426-A61C-6C270CEE11E8}.Debug|Any CPU.ActiveCfg = Debug|Any CPU
		{679DF33D-B9C5-4426-A61C-6C270CEE11E8}.Debug|Any CPU.Build.0 = Debug|Any CPU
		{679DF33D-B9C5-4426-A61C-6C270CEE11E8}.Release|Any CPU.ActiveCfg = Release|Any CPU
		{679DF33D-B9C5-4426-A61C-6C270CEE11E8}.Release|Any CPU.Build.0 = Release|Any CPU
		{15FB699A-58FB-4F16-B7B6-AD9D652A5FD1}.Debug|Any CPU.ActiveCfg = Debug|Any CPU
		{15FB699A-58FB-4F16-B7B6-AD9D652A5FD1}.Debug|Any CPU.Build.0 = Debug|Any CPU
		{15FB699A-58FB-4F16-B7B6-AD9D652A5FD1}.Release|Any CPU.ActiveCfg = Release|Any CPU
		{15FB699A-58FB-4F16-B7B6-AD9D652A5FD1}.Release|Any CPU.Build.0 = Release|Any CPU
	EndGlobalSection
	GlobalSection(SolutionProperties) = preSolution
		HideSolutionNode = FALSE
	EndGlobalSection
EndGlobal
